
Microsoft Visual Studio Solution File, Format Version 12.00
# Visual Studio Version 17
VisualStudioVersion = 17.0.31903.59
MinimumVisualStudioVersion = 10.0.40219.1
Project("{FAE04EC0-301F-11D3-BF4B-00C04F79EFBC}") = "GymManagment.Api", "GymManagment.Api\GymManagment.Api.csproj", "{C6E0AB61-64D2-43BA-A404-0EDBFAB3DC00}"
EndProject
Project("{FAE04EC0-301F-11D3-BF4B-00C04F79EFBC}") = "GymManagment.Application", "GymManagment.Application\GymManagment.Application.csproj", "{71B51095-0D49-4BB6-95B2-BD8C21FC9CE5}"
EndProject
Project("{FAE04EC0-301F-11D3-BF4B-00C04F79EFBC}") = "GymManagment.Domain", "GymManagment.Domain\GymManagment.Domain.csproj", "{B1FDEB1F-5719-4D30-BDD4-4E78A64935EF}"
EndProject
Project("{FAE04EC0-301F-11D3-BF4B-00C04F79EFBC}") = "GymManagment.Infrastracture", "GymManagment.Infrastracture\GymManagment.Infrastracture.csproj", "{B603A21B-825E-4ECE-B04A-BD09D79445CD}"
EndProject
Global
	GlobalSection(SolutionConfigurationPlatforms) = preSolution
		Debug|Any CPU = Debug|Any CPU
		Release|Any CPU = Release|Any CPU
	EndGlobalSection
	GlobalSection(SolutionProperties) = preSolution
		HideSolutionNode = FALSE
	EndGlobalSection
	GlobalSection(ProjectConfigurationPlatforms) = postSolution
		{C6E0AB61-64D2-43BA-A404-0EDBFAB3DC00}.Debug|Any CPU.ActiveCfg = Debug|Any CPU
		{C6E0AB61-64D2-43BA-A404-0EDBFAB3DC00}.Debug|Any CPU.Build.0 = Debug|Any CPU
		{C6E0AB61-64D2-43BA-A404-0EDBFAB3DC00}.Release|Any CPU.ActiveCfg = Release|Any CPU
		{C6E0AB61-64D2-43BA-A404-0EDBFAB3DC00}.Release|Any CPU.Build.0 = Release|Any CPU
		{71B51095-0D49-4BB6-95B2-BD8C21FC9CE5}.Debug|Any CPU.ActiveCfg = Debug|Any CPU
		{71B51095-0D49-4BB6-95B2-BD8C21FC9CE5}.Debug|Any CPU.Build.0 = Debug|Any CPU
		{71B51095-0D49-4BB6-95B2-BD8C21FC9CE5}.Release|Any CPU.ActiveCfg = Release|Any CPU
		{71B51095-0D49-4BB6-95B2-BD8C21FC9CE5}.Release|Any CPU.Build.0 = Release|Any CPU
		{B1FDEB1F-5719-4D30-BDD4-4E78A64935EF}.Debug|Any CPU.ActiveCfg = Debug|Any CPU
		{B1FDEB1F-5719-4D30-BDD4-4E78A64935EF}.Debug|Any CPU.Build.0 = Debug|Any CPU
		{B1FDEB1F-5719-4D30-BDD4-4E78A64935EF}.Release|Any CPU.ActiveCfg = Release|Any CPU
		{B1FDEB1F-5719-4D30-BDD4-4E78A64935EF}.Release|Any CPU.Build.0 = Release|Any CPU
		{B603A21B-825E-4ECE-B04A-BD09D79445CD}.Debug|Any CPU.ActiveCfg = Debug|Any CPU
		{B603A21B-825E-4ECE-B04A-BD09D79445CD}.Debug|Any CPU.Build.0 = Debug|Any CPU
		{B603A21B-825E-4ECE-B04A-BD09D79445CD}.Release|Any CPU.ActiveCfg = Release|Any CPU
		{B603A21B-825E-4ECE-B04A-BD09D79445CD}.Release|Any CPU.Build.0 = Release|Any CPU
	EndGlobalSection
EndGlobal
